{
  "object": {
    "pins": [
      {
        "package": "Impact",
        "repositoryURL": "https://github.com/ChimeHQ/Impact.git",
        "state": {
          "branch": null,
          "revision": "d25066ed4c48f8062dfdcda0c1db28e4daab7c3e",
          "version": "0.3.1"
        }
      },
      {
        "package": "Meter",
        "repositoryURL": "https://github.com/ChimeHQ/Meter",
        "state": {
          "branch": "main",
          "revision": "e0158cac1750c2d215ab7c617e4910f187c7bab6",
          "version": null
        }
      }
    ]
  },
  "version": 1
}
