{
  "object": {
    "pins": [
      {
        "package": "Impact",
        "repositoryURL": "https://github.com/ChimeHQ/Impact",
        "state": {
          "branch": "main",
          "revision": "bfb878b22f37c7279a0e59c84ecf9e5a30a63bee",
          "version": null
        }
      },
      {
        "package": "Meter",
        "repositoryURL": "https://github.com/ChimeHQ/Meter",
        "state": {
          "branch": "main",
          "revision": "898fc43f5344fb43d36c181e043f6fc4da08b8c4",
          "version": null
        }
      }
    ]
  },
  "version": 1
}
