{
  "object": {
    "pins": [
      {
        "package": "Impact",
        "repositoryURL": "https://github.com/ChimeHQ/Impact",
        "state": {
          "branch": null,
          "revision": "d25066ed4c48f8062dfdcda0c1db28e4daab7c3e",
          "version": "0.3.1"
        }
      },
      {
        "package": "Meter",
        "repositoryURL": "https://github.com/ChimeHQ/Meter",
        "state": {
          "branch": null,
          "revision": "898fc43f5344fb43d36c181e043f6fc4da08b8c4",
          "version": "0.2.0"
        }
      }
    ]
  },
  "version": 1
}
