{
  "object": {
    "pins": [
      {
        "package": "Impact",
        "repositoryURL": "https://github.com/ChimeHQ/Impact",
        "state": {
          "branch": "main",
          "revision": "bfb878b22f37c7279a0e59c84ecf9e5a30a63bee",
          "version": null
        }
      },
      {
        "package": "Meter",
        "repositoryURL": "https://github.com/ChimeHQ/Meter",
        "state": {
          "branch": "main",
          "revision": "981a6a10095078b4abf79f479d37bbe10d89d57d",
          "version": null
        }
      }
    ]
  },
  "version": 1
}
